
Microsoft Visual Studio Solution File, Format Version 12.00
# Visual Studio Version 17
VisualStudioVersion = 17.14.36511.14 d17.14
MinimumVisualStudioVersion = 10.0.40219.1
Project("{FAE04EC0-301F-11D3-BF4B-00C04F79EFBC}") = "Origami.Identity.Api.Core", "Origami.Identity.Api.Core.csproj", "{DF605D20-B2D9-57F5-79DD-B4EDC24FED94}"
EndProject
Global
	GlobalSection(SolutionConfigurationPlatforms) = preSolution
		Debug|Any CPU = Debug|Any CPU
		Release|Any CPU = Release|Any CPU
	EndGlobalSection
	GlobalSection(ProjectConfigurationPlatforms) = postSolution
		{DF605D20-B2D9-57F5-79DD-B4EDC24FED94}.Debug|Any CPU.ActiveCfg = Debug|Any CPU
		{DF605D20-B2D9-57F5-79DD-B4EDC24FED94}.Debug|Any CPU.Build.0 = Debug|Any CPU
		{DF605D20-B2D9-57F5-79DD-B4EDC24FED94}.Release|Any CPU.ActiveCfg = Release|Any CPU
		{DF605D20-B2D9-57F5-79DD-B4EDC24FED94}.Release|Any CPU.Build.0 = Release|Any CPU
	EndGlobalSection
	GlobalSection(SolutionProperties) = preSolution
		HideSolutionNode = FALSE
	EndGlobalSection
	GlobalSection(ExtensibilityGlobals) = postSolution
		SolutionGuid = {D34AE95E-4A83-4159-9FCB-DA5C36E40B53}
	EndGlobalSection
EndGlobal
